
Microsoft Visual Studio Solution File, Format Version 12.00
Project("{FAE04EC0-301F-11D3-BF4B-00C04F79EFBC}") = "Sensor.Api", "Sensor.Api\Sensor.Api.csproj", "{3EF47502-E3E1-430F-806D-EE6E9B24EA6A}"
EndProject
Project("{FAE04EC0-301F-11D3-BF4B-00C04F79EFBC}") = "Sensor.Core", "Sensor.Core\Sensor.Core.csproj", "{1264809F-D985-42B7-82EF-C28F89CD807B}"
EndProject
Project("{FAE04EC0-301F-11D3-BF4B-00C04F79EFBC}") = "Sensor.Domain", "Sensor.Domain\Sensor.Domain.csproj", "{944BFEEB-7E76-4756-AE00-842DE42C9FFD}"
EndProject
Project("{FAE04EC0-301F-11D3-BF4B-00C04F79EFBC}") = "Sensor.Service", "Sensor.Service\Sensor.Service.csproj", "{1C522BE3-3EE5-439F-BED8-AFD61C872314}"
EndProject
Project("{FAE04EC0-301F-11D3-BF4B-00C04F79EFBC}") = "Sensor.Db", "Sensor.Db\Sensor.Db.csproj", "{B86A5C83-A7EB-4399-AC2A-FBA8A556DF49}"
EndProject
Project("{2150E333-8FDC-42A3-9474-1A3956D46DE8}") = "Left", "Left", "{6E37CD7A-6EA6-427E-95DC-2057071ECEB7}"
EndProject
Project("{2150E333-8FDC-42A3-9474-1A3956D46DE8}") = "Right", "Right", "{83CC01B7-EFA2-4A8E-A660-CD53277EC897}"
EndProject
Project("{2150E333-8FDC-42A3-9474-1A3956D46DE8}") = "Mid", "Mid", "{DFD26953-9B6B-4127-BAE7-5557BAD0A7BE}"
EndProject
Project("{FAE04EC0-301F-11D3-BF4B-00C04F79EFBC}") = "Sensor.Log", "Sensor.Log\Sensor.Log.csproj", "{8A32CE29-99BF-4B96-92F8-C65122DBD4FA}"
EndProject
Project("{FAE04EC0-301F-11D3-BF4B-00C04F79EFBC}") = "Sensor.Env", "Sensor.Env\Sensor.Env.csproj", "{93F110CC-E56E-42E9-9D13-0A35D9C3C94F}"
EndProject
Project("{FAE04EC0-301F-11D3-BF4B-00C04F79EFBC}") = "Sensor.Repository", "Sensor.Repository\Sensor.Repository.csproj", "{2CD1257B-32D9-4091-862A-D210878291E4}"
EndProject
Global
	GlobalSection(SolutionConfigurationPlatforms) = preSolution
		Debug|Any CPU = Debug|Any CPU
		Release|Any CPU = Release|Any CPU
	EndGlobalSection
	GlobalSection(ProjectConfigurationPlatforms) = postSolution
		{3EF47502-E3E1-430F-806D-EE6E9B24EA6A}.Debug|Any CPU.ActiveCfg = Debug|Any CPU
		{3EF47502-E3E1-430F-806D-EE6E9B24EA6A}.Debug|Any CPU.Build.0 = Debug|Any CPU
		{3EF47502-E3E1-430F-806D-EE6E9B24EA6A}.Release|Any CPU.ActiveCfg = Release|Any CPU
		{3EF47502-E3E1-430F-806D-EE6E9B24EA6A}.Release|Any CPU.Build.0 = Release|Any CPU
		{1264809F-D985-42B7-82EF-C28F89CD807B}.Debug|Any CPU.ActiveCfg = Debug|Any CPU
		{1264809F-D985-42B7-82EF-C28F89CD807B}.Debug|Any CPU.Build.0 = Debug|Any CPU
		{1264809F-D985-42B7-82EF-C28F89CD807B}.Release|Any CPU.ActiveCfg = Release|Any CPU
		{1264809F-D985-42B7-82EF-C28F89CD807B}.Release|Any CPU.Build.0 = Release|Any CPU
		{944BFEEB-7E76-4756-AE00-842DE42C9FFD}.Debug|Any CPU.ActiveCfg = Debug|Any CPU
		{944BFEEB-7E76-4756-AE00-842DE42C9FFD}.Debug|Any CPU.Build.0 = Debug|Any CPU
		{944BFEEB-7E76-4756-AE00-842DE42C9FFD}.Release|Any CPU.ActiveCfg = Release|Any CPU
		{944BFEEB-7E76-4756-AE00-842DE42C9FFD}.Release|Any CPU.Build.0 = Release|Any CPU
		{1C522BE3-3EE5-439F-BED8-AFD61C872314}.Debug|Any CPU.ActiveCfg = Debug|Any CPU
		{1C522BE3-3EE5-439F-BED8-AFD61C872314}.Debug|Any CPU.Build.0 = Debug|Any CPU
		{1C522BE3-3EE5-439F-BED8-AFD61C872314}.Release|Any CPU.ActiveCfg = Release|Any CPU
		{1C522BE3-3EE5-439F-BED8-AFD61C872314}.Release|Any CPU.Build.0 = Release|Any CPU
		{B86A5C83-A7EB-4399-AC2A-FBA8A556DF49}.Debug|Any CPU.ActiveCfg = Debug|Any CPU
		{B86A5C83-A7EB-4399-AC2A-FBA8A556DF49}.Debug|Any CPU.Build.0 = Debug|Any CPU
		{B86A5C83-A7EB-4399-AC2A-FBA8A556DF49}.Release|Any CPU.ActiveCfg = Release|Any CPU
		{B86A5C83-A7EB-4399-AC2A-FBA8A556DF49}.Release|Any CPU.Build.0 = Release|Any CPU
		{8A32CE29-99BF-4B96-92F8-C65122DBD4FA}.Debug|Any CPU.ActiveCfg = Debug|Any CPU
		{8A32CE29-99BF-4B96-92F8-C65122DBD4FA}.Debug|Any CPU.Build.0 = Debug|Any CPU
		{8A32CE29-99BF-4B96-92F8-C65122DBD4FA}.Release|Any CPU.ActiveCfg = Release|Any CPU
		{8A32CE29-99BF-4B96-92F8-C65122DBD4FA}.Release|Any CPU.Build.0 = Release|Any CPU
		{93F110CC-E56E-42E9-9D13-0A35D9C3C94F}.Debug|Any CPU.ActiveCfg = Debug|Any CPU
		{93F110CC-E56E-42E9-9D13-0A35D9C3C94F}.Debug|Any CPU.Build.0 = Debug|Any CPU
		{93F110CC-E56E-42E9-9D13-0A35D9C3C94F}.Release|Any CPU.ActiveCfg = Release|Any CPU
		{93F110CC-E56E-42E9-9D13-0A35D9C3C94F}.Release|Any CPU.Build.0 = Release|Any CPU
		{2CD1257B-32D9-4091-862A-D210878291E4}.Debug|Any CPU.ActiveCfg = Debug|Any CPU
		{2CD1257B-32D9-4091-862A-D210878291E4}.Debug|Any CPU.Build.0 = Debug|Any CPU
		{2CD1257B-32D9-4091-862A-D210878291E4}.Release|Any CPU.ActiveCfg = Release|Any CPU
		{2CD1257B-32D9-4091-862A-D210878291E4}.Release|Any CPU.Build.0 = Release|Any CPU
	EndGlobalSection
	GlobalSection(NestedProjects) = preSolution
		{3EF47502-E3E1-430F-806D-EE6E9B24EA6A} = {6E37CD7A-6EA6-427E-95DC-2057071ECEB7}
		{B86A5C83-A7EB-4399-AC2A-FBA8A556DF49} = {83CC01B7-EFA2-4A8E-A660-CD53277EC897}
		{1264809F-D985-42B7-82EF-C28F89CD807B} = {DFD26953-9B6B-4127-BAE7-5557BAD0A7BE}
		{944BFEEB-7E76-4756-AE00-842DE42C9FFD} = {DFD26953-9B6B-4127-BAE7-5557BAD0A7BE}
		{1C522BE3-3EE5-439F-BED8-AFD61C872314} = {DFD26953-9B6B-4127-BAE7-5557BAD0A7BE}
		{8A32CE29-99BF-4B96-92F8-C65122DBD4FA} = {83CC01B7-EFA2-4A8E-A660-CD53277EC897}
		{2CD1257B-32D9-4091-862A-D210878291E4} = {DFD26953-9B6B-4127-BAE7-5557BAD0A7BE}
	EndGlobalSection
EndGlobal
